// !$*UTF8*$!
{
	archiveVersion = 1;
	classes = {
	};
	objectVersion = 46;
	objects = {

/* Begin PBXBuildFile section */
		CE36C9FC1CA0893200ED1882 /* main.m in Sources */ = {isa = PBXBuildFile; fileRef = CE36C9FB1CA0893200ED1882 /* main.m */; };
		CE36C9FF1CA0893200ED1882 /* AppDelegate.m in Sources */ = {isa = PBXBuildFile; fileRef = CE36C9FE1CA0893200ED1882 /* AppDelegate.m */; };
		CE36CA021CA0893200ED1882 /* ViewController.m in Sources */ = {isa = PBXBuildFile; fileRef = CE36CA011CA0893200ED1882 /* ViewController.m */; };
		CE36CA051CA0893200ED1882 /* Main.storyboard in Resources */ = {isa = PBXBuildFile; fileRef = CE36CA031CA0893200ED1882 /* Main.storyboard */; };
		CE36CA071CA0893200ED1882 /* Assets.xcassets in Resources */ = {isa = PBXBuildFile; fileRef = CE36CA061CA0893200ED1882 /* Assets.xcassets */; };
		CE36CA0A1CA0893200ED1882 /* LaunchScreen.storyboard in Resources */ = {isa = PBXBuildFile; fileRef = CE36CA081CA0893200ED1882 /* LaunchScreen.storyboard */; };
/* End PBXBuildFile section */

/* Begin PBXFileReference section */
		CE36C9F71CA0893100ED1882 /* NativeWith-Unity-simulator.app */ = {isa = PBXFileReference; explicitFileType = wrapper.application; includeInIndex = 0; path = "NativeWith-Unity-simulator.app"; sourceTree = BUILT_PRODUCTS_DIR; };
		CE36C9FB1CA0893200ED1882 /* main.m */ = {isa = PBXFileReference; lastKnownFileType = sourcecode.c.objc; path = main.m; sourceTree = "<group>"; };
		CE36C9FD1CA0893200ED1882 /* AppDelegate.h */ = {isa = PBXFileReference; lastKnownFileType = sourcecode.c.h; path = AppDelegate.h; sourceTree = "<group>"; };
		CE36C9FE1CA0893200ED1882 /* AppDelegate.m */ = {isa = PBXFileReference; lastKnownFileType = sourcecode.c.objc; path = AppDelegate.m; sourceTree = "<group>"; };
		CE36CA001CA0893200ED1882 /* ViewController.h */ = {isa = PBXFileReference; lastKnownFileType = sourcecode.c.h; path = ViewController.h; sourceTree = "<group>"; };
		CE36CA011CA0893200ED1882 /* ViewController.m */ = {isa = PBXFileReference; lastKnownFileType = sourcecode.c.objc; path = ViewController.m; sourceTree = "<group>"; };
		CE36CA041CA0893200ED1882 /* Base */ = {isa = PBXFileReference; lastKnownFileType = file.storyboard; name = Base; path = Base.lproj/Main.storyboard; sourceTree = "<group>"; };
		CE36CA061CA0893200ED1882 /* Assets.xcassets */ = {isa = PBXFileReference; lastKnownFileType = folder.assetcatalog; path = Assets.xcassets; sourceTree = "<group>"; };
		CE36CA091CA0893200ED1882 /* Base */ = {isa = PBXFileReference; lastKnownFileType = file.storyboard; name = Base; path = Base.lproj/LaunchScreen.storyboard; sourceTree = "<group>"; };
		CE36CA0B1CA0893200ED1882 /* Info.plist */ = {isa = PBXFileReference; lastKnownFileType = text.plist.xml; path = Info.plist; sourceTree = "<group>"; };
/* End PBXFileReference section */

/* Begin PBXFrameworksBuildPhase section */
		CE36C9F41CA0893100ED1882 /* Frameworks */ = {
			isa = PBXFrameworksBuildPhase;
			buildActionMask = 2147483647;
			files = (
			);
			runOnlyForDeploymentPostprocessing = 0;
		};
/* End PBXFrameworksBuildPhase section */

/* Begin PBXGroup section */
		CE36C9EE1CA0893100ED1882 = {
			isa = PBXGroup;
			children = (
				CE36C9F91CA0893200ED1882 /* NativeWith-Unity-simulator */,
				CE36C9F81CA0893100ED1882 /* Products */,
			);
			sourceTree = "<group>";
		};
		CE36C9F81CA0893100ED1882 /* Products */ = {
			isa = PBXGroup;
			children = (
				CE36C9F71CA0893100ED1882 /* NativeWith-Unity-simulator.app */,
			);
			name = Products;
			sourceTree = "<group>";
		};
		CE36C9F91CA0893200ED1882 /* NativeWith-Unity-simulator */ = {
			isa = PBXGroup;
			children = (
				CE36C9FD1CA0893200ED1882 /* AppDelegate.h */,
				CE36C9FE1CA0893200ED1882 /* AppDelegate.m */,
				CE36CA001CA0893200ED1882 /* ViewController.h */,
				CE36CA011CA0893200ED1882 /* ViewController.m */,
				CE36CA031CA0893200ED1882 /* Main.storyboard */,
				CE36CA061CA0893200ED1882 /* Assets.xcassets */,
				CE36CA081CA0893200ED1882 /* LaunchScreen.storyboard */,
				CE36CA0B1CA0893200ED1882 /* Info.plist */,
				CE36C9FA1CA0893200ED1882 /* Supporting Files */,
			);
			path = "NativeWith-Unity-simulator";
			sourceTree = "<group>";
		};
		CE36C9FA1CA0893200ED1882 /* Supporting Files */ = {
			isa = PBXGroup;
			children = (
				CE36C9FB1CA0893200ED1882 /* main.m */,
			);
			name = "Supporting Files";
			sourceTree = "<group>";
		};
/* End PBXGroup section */

/* Begin PBXNativeTarget section */
		CE36C9F61CA0893100ED1882 /* NativeWith-Unity-simulator */ = {
			isa = PBXNativeTarget;
			buildConfigurationList = CE36CA0E1CA0893200ED1882 /* Build configuration list for PBXNativeTarget "NativeWith-Unity-simulator" */;
			buildPhases = (
				CE36C9F31CA0893100ED1882 /* Sources */,
				CE36C9F41CA0893100ED1882 /* Frameworks */,
				CE36C9F51CA0893100ED1882 /* Resources */,
			);
			buildRules = (
			);
			dependencies = (
			);
			name = "NativeWith-Unity-simulator";
			productName = "NativeWith-Unity-simulator";
			productReference = CE36C9F71CA0893100ED1882 /* NativeWith-Unity-simulator.app */;
			productType = "com.apple.product-type.application";
		};
/* End PBXNativeTarget section */

/* Begin PBXProject section */
		CE36C9EF1CA0893100ED1882 /* Project object */ = {
			isa = PBXProject;
			attributes = {
				LastUpgradeCheck = 0720;
				ORGANIZATIONNAME = "re-mondes";
				TargetAttributes = {
					CE36C9F61CA0893100ED1882 = {
						CreatedOnToolsVersion = 7.2;
					};
				};
			};
			buildConfigurationList = CE36C9F21CA0893100ED1882 /* Build configuration list for PBXProject "NativeWith-Unity-simulator" */;
			compatibilityVersion = "Xcode 3.2";
			developmentRegion = English;
			hasScannedForEncodings = 0;
			knownRegions = (
				en,
				Base,
			);
			mainGroup = CE36C9EE1CA0893100ED1882;
			productRefGroup = CE36C9F81CA0893100ED1882 /* Products */;
			projectDirPath = "";
			projectRoot = "";
			targets = (
				CE36C9F61CA0893100ED1882 /* NativeWith-Unity-simulator */,
			);
		};
/* End PBXProject section */

/* Begin PBXResourcesBuildPhase section */
		CE36C9F51CA0893100ED1882 /* Resources */ = {
			isa = PBXResourcesBuildPhase;
			buildActionMask = 2147483647;
			files = (
				CE36CA0A1CA0893200ED1882 /* LaunchScreen.storyboard in Resources */,
				CE36CA071CA0893200ED1882 /* Assets.xcassets in Resources */,
				CE36CA051CA0893200ED1882 /* Main.storyboard in Resources */,
			);
			runOnlyForDeploymentPostprocessing = 0;
		};
/* End PBXResourcesBuildPhase section */

/* Begin PBXSourcesBuildPhase section */
		CE36C9F31CA0893100ED1882 /* Sources */ = {
			isa = PBXSourcesBuildPhase;
			buildActionMask = 2147483647;
			files = (
				CE36CA021CA0893200ED1882 /* ViewController.m in Sources */,
				CE36C9FF1CA0893200ED1882 /* AppDelegate.m in Sources */,
				CE36C9FC1CA0893200ED1882 /* main.m in Sources */,
			);
			runOnlyForDeploymentPostprocessing = 0;
		};
/* End PBXSourcesBuildPhase section */

/* Begin PBXVariantGroup section */
		CE36CA031CA0893200ED1882 /* Main.storyboard */ = {
			isa = PBXVariantGroup;
			children = (
				CE36CA041CA0893200ED1882 /* Base */,
			);
			name = Main.storyboard;
			sourceTree = "<group>";
		};
		CE36CA081CA0893200ED1882 /* LaunchScreen.storyboard */ = {
			isa = PBXVariantGroup;
			children = (
				CE36CA091CA0893200ED1882 /* Base */,
			);
			name = LaunchScreen.storyboard;
			sourceTree = "<group>";
		};
/* End PBXVariantGroup section */

/* Begin XCBuildConfiguration section */
		CE36CA0C1CA0893200ED1882 /* Debug */ = {
			isa = XCBuildConfiguration;
			buildSettings = {
				ALWAYS_SEARCH_USER_PATHS = NO;
				CLANG_CXX_LANGUAGE_STANDARD = "gnu++0x";
				CLANG_CXX_LIBRARY = "libc++";
				CLANG_ENABLE_MODULES = YES;
				CLANG_ENABLE_OBJC_ARC = YES;
				CLANG_WARN_BOOL_CONVERSION = YES;
				CLANG_WARN_CONSTANT_CONVERSION = YES;
				CLANG_WARN_DIRECT_OBJC_ISA_USAGE = YES_ERROR;
				CLANG_WARN_EMPTY_BODY = YES;
				CLANG_WARN_ENUM_CONVERSION = YES;
				CLANG_WARN_INT_CONVERSION = YES;
				CLANG_WARN_OBJC_ROOT_CLASS = YES_ERROR;
				CLANG_WARN_UNREACHABLE_CODE = YES;
				CLANG_WARN__DUPLICATE_METHOD_MATCH = YES;
				"CODE_SIGN_IDENTITY[sdk=iphoneos*]" = "iPhone Developer";
				COPY_PHASE_STRIP = NO;
				DEBUG_INFORMATION_FORMAT = dwarf;
				ENABLE_STRICT_OBJC_MSGSEND = YES;
				ENABLE_TESTABILITY = YES;
				GCC_C_LANGUAGE_STANDARD = gnu99;
				GCC_DYNAMIC_NO_PIC = NO;
				GCC_NO_COMMON_BLOCKS = YES;
				GCC_OPTIMIZATION_LEVEL = 0;
				GCC_PREPROCESSOR_DEFINITIONS = (
					"DEBUG=1",
					"$(inherited)",
				);
				GCC_WARN_64_TO_32_BIT_CONVERSION = YES;
				GCC_WARN_ABOUT_RETURN_TYPE = YES_ERROR;
				GCC_WARN_UNDECLARED_SELECTOR = YES;
				GCC_WARN_UNINITIALIZED_AUTOS = YES_AGGRESSIVE;
				GCC_WARN_UNUSED_FUNCTION = YES;
				GCC_WARN_UNUSED_VARIABLE = YES;
				IPHONEOS_DEPLOYMENT_TARGET = 9.2;
				MTL_ENABLE_DEBUG_INFO = YES;
				ONLY_ACTIVE_ARCH = YES;
				SDKROOT = iphoneos;
				TARGETED_DEVICE_FAMILY = 2;
			};
			name = Debug;
		};
		CE36CA0D1CA0893200ED1882 /* Release */ = {
			isa = XCBuildConfiguration;
			buildSettings = {
				ALWAYS_SEARCH_USER_PATHS = NO;
				CLANG_CXX_LANGUAGE_STANDARD = "gnu++0x";
				CLANG_CXX_LIBRARY = "libc++";
				CLANG_ENABLE_MODULES = YES;
				CLANG_ENABLE_OBJC_ARC = YES;
				CLANG_WARN_BOOL_CONVERSION = YES;
				CLANG_WARN_CONSTANT_CONVERSION = YES;
				CLANG_WARN_DIRECT_OBJC_ISA_USAGE = YES_ERROR;
				CLANG_WARN_EMPTY_BODY = YES;
				CLANG_WARN_ENUM_CONVERSION = YES;
				CLANG_WARN_INT_CONVERSION = YES;
				CLANG_WARN_OBJC_ROOT_CLASS = YES_ERROR;
				CLANG_WARN_UNREACHABLE_CODE = YES;
				CLANG_WARN__DUPLICATE_METHOD_MATCH = YES;
				"CODE_SIGN_IDENTITY[sdk=iphoneos*]" = "iPhone Developer";
				COPY_PHASE_STRIP = NO;
				DEBUG_INFORMATION_FORMAT = "dwarf-with-dsym";
				ENABLE_NS_ASSERTIONS = NO;
				ENABLE_STRICT_OBJC_MSGSEND = YES;
				GCC_C_LANGUAGE_STANDARD = gnu99;
				GCC_NO_COMMON_BLOCKS = YES;
				GCC_WARN_64_TO_32_BIT_CONVERSION = YES;
				GCC_WARN_ABOUT_RETURN_TYPE = YES_ERROR;
				GCC_WARN_UNDECLARED_SELECTOR = YES;
				GCC_WARN_UNINITIALIZED_AUTOS = YES_AGGRESSIVE;
				GCC_WARN_UNUSED_FUNCTION = YES;
				GCC_WARN_UNUSED_VARIABLE = YES;
				IPHONEOS_DEPLOYMENT_TARGET = 9.2;
				MTL_ENABLE_DEBUG_INFO = NO;
				SDKROOT = iphoneos;
				TARGETED_DEVICE_FAMILY = 2;
				VALIDATE_PRODUCT = YES;
			};
			name = Release;
		};
		CE36CA0F1CA0893200ED1882 /* Debug */ = {
			isa = XCBuildConfiguration;
			buildSettings = {
				ASSETCATALOG_COMPILER_APPICON_NAME = AppIcon;
				INFOPLIST_FILE = "NativeWith-Unity-simulator/Info.plist";
				LD_RUNPATH_SEARCH_PATHS = "$(inherited) @executable_path/Frameworks";
				PRODUCT_BUNDLE_IDENTIFIER = "com.re-mondes.NativeWith-Unity-simulator";
				PRODUCT_NAME = "$(TARGET_NAME)";
			};
			name = Debug;
		};
		CE36CA101CA0893200ED1882 /* Release */ = {
			isa = XCBuildConfiguration;
			buildSettings = {
				ASSETCATALOG_COMPILER_APPICON_NAME = AppIcon;
				INFOPLIST_FILE = "NativeWith-Unity-simulator/Info.plist";
				LD_RUNPATH_SEARCH_PATHS = "$(inherited) @executable_path/Frameworks";
				PRODUCT_BUNDLE_IDENTIFIER = "com.re-mondes.NativeWith-Unity-simulator";
				PRODUCT_NAME = "$(TARGET_NAME)";
			};
			name = Release;
		};
/* End XCBuildConfiguration section */

/* Begin XCConfigurationList section */
		CE36C9F21CA0893100ED1882 /* Build configuration list for PBXProject "NativeWith-Unity-simulator" */ = {
			isa = XCConfigurationList;
			buildConfigurations = (
				CE36CA0C1CA0893200ED1882 /* Debug */,
				CE36CA0D1CA0893200ED1882 /* Release */,
			);
			defaultConfigurationIsVisible = 0;
			defaultConfigurationName = Release;
		};
		CE36CA0E1CA0893200ED1882 /* Build configuration list for PBXNativeTarget "NativeWith-Unity-simulator" */ = {
			isa = XCConfigurationList;
			buildConfigurations = (
				CE36CA0F1CA0893200ED1882 /* Debug */,
				CE36CA101CA0893200ED1882 /* Release */,
			);
			defaultConfigurationIsVisible = 0;
		};
/* End XCConfigurationList section */
	};
	rootObject = CE36C9EF1CA0893100ED1882 /* Project object */;
}
